
Microsoft Visual Studio Solution File, Format Version 12.00
# Visual Studio Version 17
VisualStudioVersion = 17.14.36429.23
MinimumVisualStudioVersion = 10.0.40219.1
Project("{FAE04EC0-301F-11D3-BF4B-00C04F79EFBC}") = "WebAPI", "WebAPI\WebAPI.csproj", "{6884BC84-EDEA-45D6-8F57-FC44BA27FDDA}"
EndProject
Project("{FAE04EC0-301F-11D3-BF4B-00C04F79EFBC}") = "Entitybase", "Entitybase\Entitybase.csproj", "{48EAEAF6-F186-DF9A-8533-C1E24E13A59D}"
EndProject
Project("{FAE04EC0-301F-11D3-BF4B-00C04F79EFBC}") = "Metadata", "Metadata\Metadata.csproj", "{08636154-559E-C299-6B1A-9CDA28AFCFE0}"
EndProject
Project("{FAE04EC0-301F-11D3-BF4B-00C04F79EFBC}") = "Common", "Common\Common.csproj", "{5E7C8F6A-E603-8D85-D30E-B673623A9005}"
EndProject
Project("{FAE04EC0-301F-11D3-BF4B-00C04F79EFBC}") = "Common.JavaScript", "Common.JavaScript\Common.JavaScript.csproj", "{EBB24D4E-2264-32C8-6694-16DDDDED261E}"
EndProject
Project("{FAE04EC0-301F-11D3-BF4B-00C04F79EFBC}") = "SqlAccessor", "DbAccessor\SqlAccessor\SqlAccessor.csproj", "{0CA1AFC7-A48C-FF19-F949-811238533DD8}"
EndProject
Project("{FAE04EC0-301F-11D3-BF4B-00C04F79EFBC}") = "PostgreSQLAccessor", "DbAccessor\PostgreSQLAccessor\PostgreSQLAccessor.csproj", "{8DA579B9-7AD0-8D86-DDB6-8A3DCFDA7BED}"
EndProject
Project("{FAE04EC0-301F-11D3-BF4B-00C04F79EFBC}") = "MySqlAccessor", "DbAccessor\MySqlAccessor\MySqlAccessor.csproj", "{8B6B17A3-382D-97AE-5351-0A62D08B7DA0}"
EndProject
Project("{FAE04EC0-301F-11D3-BF4B-00C04F79EFBC}") = "OracleAccessor", "DbAccessor\OracleAccessor\OracleAccessor.csproj", "{CFABDACE-BA89-9302-CEC5-21873624CE2E}"
EndProject
Global
	GlobalSection(SolutionConfigurationPlatforms) = preSolution
		Debug|Any CPU = Debug|Any CPU
		Release|Any CPU = Release|Any CPU
	EndGlobalSection
	GlobalSection(ProjectConfigurationPlatforms) = postSolution
		{6884BC84-EDEA-45D6-8F57-FC44BA27FDDA}.Debug|Any CPU.ActiveCfg = Debug|Any CPU
		{6884BC84-EDEA-45D6-8F57-FC44BA27FDDA}.Debug|Any CPU.Build.0 = Debug|Any CPU
		{6884BC84-EDEA-45D6-8F57-FC44BA27FDDA}.Release|Any CPU.ActiveCfg = Release|Any CPU
		{6884BC84-EDEA-45D6-8F57-FC44BA27FDDA}.Release|Any CPU.Build.0 = Release|Any CPU
		{48EAEAF6-F186-DF9A-8533-C1E24E13A59D}.Debug|Any CPU.ActiveCfg = Debug|Any CPU
		{48EAEAF6-F186-DF9A-8533-C1E24E13A59D}.Debug|Any CPU.Build.0 = Debug|Any CPU
		{48EAEAF6-F186-DF9A-8533-C1E24E13A59D}.Release|Any CPU.ActiveCfg = Release|Any CPU
		{48EAEAF6-F186-DF9A-8533-C1E24E13A59D}.Release|Any CPU.Build.0 = Release|Any CPU
		{08636154-559E-C299-6B1A-9CDA28AFCFE0}.Debug|Any CPU.ActiveCfg = Debug|Any CPU
		{08636154-559E-C299-6B1A-9CDA28AFCFE0}.Debug|Any CPU.Build.0 = Debug|Any CPU
		{08636154-559E-C299-6B1A-9CDA28AFCFE0}.Release|Any CPU.ActiveCfg = Release|Any CPU
		{08636154-559E-C299-6B1A-9CDA28AFCFE0}.Release|Any CPU.Build.0 = Release|Any CPU
		{5E7C8F6A-E603-8D85-D30E-B673623A9005}.Debug|Any CPU.ActiveCfg = Debug|Any CPU
		{5E7C8F6A-E603-8D85-D30E-B673623A9005}.Debug|Any CPU.Build.0 = Debug|Any CPU
		{5E7C8F6A-E603-8D85-D30E-B673623A9005}.Release|Any CPU.ActiveCfg = Release|Any CPU
		{5E7C8F6A-E603-8D85-D30E-B673623A9005}.Release|Any CPU.Build.0 = Release|Any CPU
		{EBB24D4E-2264-32C8-6694-16DDDDED261E}.Debug|Any CPU.ActiveCfg = Debug|Any CPU
		{EBB24D4E-2264-32C8-6694-16DDDDED261E}.Debug|Any CPU.Build.0 = Debug|Any CPU
		{EBB24D4E-2264-32C8-6694-16DDDDED261E}.Release|Any CPU.ActiveCfg = Release|Any CPU
		{EBB24D4E-2264-32C8-6694-16DDDDED261E}.Release|Any CPU.Build.0 = Release|Any CPU
		{0CA1AFC7-A48C-FF19-F949-811238533DD8}.Debug|Any CPU.ActiveCfg = Debug|Any CPU
		{0CA1AFC7-A48C-FF19-F949-811238533DD8}.Debug|Any CPU.Build.0 = Debug|Any CPU
		{0CA1AFC7-A48C-FF19-F949-811238533DD8}.Release|Any CPU.ActiveCfg = Release|Any CPU
		{0CA1AFC7-A48C-FF19-F949-811238533DD8}.Release|Any CPU.Build.0 = Release|Any CPU
		{8DA579B9-7AD0-8D86-DDB6-8A3DCFDA7BED}.Debug|Any CPU.ActiveCfg = Debug|Any CPU
		{8DA579B9-7AD0-8D86-DDB6-8A3DCFDA7BED}.Debug|Any CPU.Build.0 = Debug|Any CPU
		{8DA579B9-7AD0-8D86-DDB6-8A3DCFDA7BED}.Release|Any CPU.ActiveCfg = Release|Any CPU
		{8DA579B9-7AD0-8D86-DDB6-8A3DCFDA7BED}.Release|Any CPU.Build.0 = Release|Any CPU
		{8B6B17A3-382D-97AE-5351-0A62D08B7DA0}.Debug|Any CPU.ActiveCfg = Debug|Any CPU
		{8B6B17A3-382D-97AE-5351-0A62D08B7DA0}.Debug|Any CPU.Build.0 = Debug|Any CPU
		{8B6B17A3-382D-97AE-5351-0A62D08B7DA0}.Release|Any CPU.ActiveCfg = Release|Any CPU
		{8B6B17A3-382D-97AE-5351-0A62D08B7DA0}.Release|Any CPU.Build.0 = Release|Any CPU
		{CFABDACE-BA89-9302-CEC5-21873624CE2E}.Debug|Any CPU.ActiveCfg = Debug|Any CPU
		{CFABDACE-BA89-9302-CEC5-21873624CE2E}.Debug|Any CPU.Build.0 = Debug|Any CPU
		{CFABDACE-BA89-9302-CEC5-21873624CE2E}.Release|Any CPU.ActiveCfg = Release|Any CPU
		{CFABDACE-BA89-9302-CEC5-21873624CE2E}.Release|Any CPU.Build.0 = Release|Any CPU
	EndGlobalSection
	GlobalSection(SolutionProperties) = preSolution
		HideSolutionNode = FALSE
	EndGlobalSection
	GlobalSection(ExtensibilityGlobals) = postSolution
		SolutionGuid = {71341673-7DB6-4A2F-B91A-8BB35868C7A3}
	EndGlobalSection
EndGlobal
