
Microsoft Visual Studio Solution File, Format Version 12.00
# Visual Studio Version 17
VisualStudioVersion = 17.14.36127.28
MinimumVisualStudioVersion = 10.0.40219.1
Project("{FAE04EC0-301F-11D3-BF4B-00C04F79EFBC}") = "Db.Schema.Extractor", "Db.Schema.Extractor\Db.Schema.Extractor.csproj", "{D2777A1A-5CB0-4ACD-8742-5AF72556706A}"
EndProject
Project("{FAE04EC0-301F-11D3-BF4B-00C04F79EFBC}") = "OracleSchemaExtractor", "OracleSchemaExtractor\OracleSchemaExtractor.csproj", "{7CB3D5CC-B9FA-48CE-A8C6-5588C2E128C6}"
EndProject
Project("{FAE04EC0-301F-11D3-BF4B-00C04F79EFBC}") = "Oracle.Schema.Extractor", "Oracle.Schema.Extractor\Oracle.Schema.Extractor.csproj", "{90C945BE-3445-42D2-B502-CF5AD0C40986}"
EndProject
Global
	GlobalSection(SolutionConfigurationPlatforms) = preSolution
		Debug|Any CPU = Debug|Any CPU
		Release|Any CPU = Release|Any CPU
	EndGlobalSection
	GlobalSection(ProjectConfigurationPlatforms) = postSolution
		{D2777A1A-5CB0-4ACD-8742-5AF72556706A}.Debug|Any CPU.ActiveCfg = Debug|Any CPU
		{D2777A1A-5CB0-4ACD-8742-5AF72556706A}.Debug|Any CPU.Build.0 = Debug|Any CPU
		{D2777A1A-5CB0-4ACD-8742-5AF72556706A}.Release|Any CPU.ActiveCfg = Release|Any CPU
		{D2777A1A-5CB0-4ACD-8742-5AF72556706A}.Release|Any CPU.Build.0 = Release|Any CPU
		{7CB3D5CC-B9FA-48CE-A8C6-5588C2E128C6}.Debug|Any CPU.ActiveCfg = Debug|Any CPU
		{7CB3D5CC-B9FA-48CE-A8C6-5588C2E128C6}.Debug|Any CPU.Build.0 = Debug|Any CPU
		{7CB3D5CC-B9FA-48CE-A8C6-5588C2E128C6}.Release|Any CPU.ActiveCfg = Release|Any CPU
		{7CB3D5CC-B9FA-48CE-A8C6-5588C2E128C6}.Release|Any CPU.Build.0 = Release|Any CPU
		{90C945BE-3445-42D2-B502-CF5AD0C40986}.Debug|Any CPU.ActiveCfg = Debug|Any CPU
		{90C945BE-3445-42D2-B502-CF5AD0C40986}.Debug|Any CPU.Build.0 = Debug|Any CPU
		{90C945BE-3445-42D2-B502-CF5AD0C40986}.Release|Any CPU.ActiveCfg = Release|Any CPU
		{90C945BE-3445-42D2-B502-CF5AD0C40986}.Release|Any CPU.Build.0 = Release|Any CPU
	EndGlobalSection
	GlobalSection(SolutionProperties) = preSolution
		HideSolutionNode = FALSE
	EndGlobalSection
	GlobalSection(ExtensibilityGlobals) = postSolution
		SolutionGuid = {C1E0B7BE-168C-42A0-8621-9A8555EC1EB5}
	EndGlobalSection
EndGlobal
